{
  "name": "portfolio_v3",
  "version": "1.0.0",
  "author": "Sandra Spighel",
  "description": "Sandra's Portfolio V3",
  "homepage": "https://hotsauceninja.github.io/portfolio_v3",
  "license": "MIT",
  "main": "index.js",
  "packages": {
    "": {
      "name": "portfolio_v3",
      "version": "1.0.0",
      "license": "ISC"
    }
  },
  "repository": {
    "type": "git",
    "url": "git+https://github.com/HotSauceNinja/portfolio_v3.git"
  }
}
